
Microsoft Visual Studio Solution File, Format Version 12.00
# Visual Studio Version 17
VisualStudioVersion = 17.11.35222.181
MinimumVisualStudioVersion = 10.0.40219.1
Project("{FAE04EC0-301F-11D3-BF4B-00C04F79EFBC}") = "CreateADIFTestFiles", "CreateADIFTestFiles\CreateADIFTestFiles.csproj", "{0EC1C8FC-389B-4D83-A34B-B1A59BACB65C}"
EndProject
Project("{FAE04EC0-301F-11D3-BF4B-00C04F79EFBC}") = "AdifReleaseLib", "AdifReleaseLib\AdifReleaseLib.csproj", "{23E79093-B971-473A-AC80-844B3812CF00}"
EndProject
Project("{FAE04EC0-301F-11D3-BF4B-00C04F79EFBC}") = "AdifXsltLib", "AdifXsltLib\AdifXsltLib.csproj", "{D03F8F08-2E33-49AB-B069-64B62C03BD6F}"
EndProject
Project("{FAE04EC0-301F-11D3-BF4B-00C04F79EFBC}") = "AdifTestFileCreator", "AdifTestFileCreator\AdifTestFileCreator.csproj", "{915B927A-7226-4D11-A242-074082967B01}"
EndProject
Global
	GlobalSection(SolutionConfigurationPlatforms) = preSolution
		Debug|Any CPU = Debug|Any CPU
		Release|Any CPU = Release|Any CPU
	EndGlobalSection
	GlobalSection(ProjectConfigurationPlatforms) = postSolution
		{0EC1C8FC-389B-4D83-A34B-B1A59BACB65C}.Debug|Any CPU.ActiveCfg = Debug|Any CPU
		{0EC1C8FC-389B-4D83-A34B-B1A59BACB65C}.Debug|Any CPU.Build.0 = Debug|Any CPU
		{0EC1C8FC-389B-4D83-A34B-B1A59BACB65C}.Release|Any CPU.ActiveCfg = Release|Any CPU
		{0EC1C8FC-389B-4D83-A34B-B1A59BACB65C}.Release|Any CPU.Build.0 = Release|Any CPU
		{23E79093-B971-473A-AC80-844B3812CF00}.Debug|Any CPU.ActiveCfg = Debug|Any CPU
		{23E79093-B971-473A-AC80-844B3812CF00}.Debug|Any CPU.Build.0 = Debug|Any CPU
		{23E79093-B971-473A-AC80-844B3812CF00}.Release|Any CPU.ActiveCfg = Release|Any CPU
		{23E79093-B971-473A-AC80-844B3812CF00}.Release|Any CPU.Build.0 = Release|Any CPU
		{D03F8F08-2E33-49AB-B069-64B62C03BD6F}.Debug|Any CPU.ActiveCfg = Debug|Any CPU
		{D03F8F08-2E33-49AB-B069-64B62C03BD6F}.Debug|Any CPU.Build.0 = Debug|Any CPU
		{D03F8F08-2E33-49AB-B069-64B62C03BD6F}.Release|Any CPU.ActiveCfg = Release|Any CPU
		{D03F8F08-2E33-49AB-B069-64B62C03BD6F}.Release|Any CPU.Build.0 = Release|Any CPU
		{915B927A-7226-4D11-A242-074082967B01}.Debug|Any CPU.ActiveCfg = Debug|Any CPU
		{915B927A-7226-4D11-A242-074082967B01}.Debug|Any CPU.Build.0 = Debug|Any CPU
		{915B927A-7226-4D11-A242-074082967B01}.Release|Any CPU.ActiveCfg = Release|Any CPU
		{915B927A-7226-4D11-A242-074082967B01}.Release|Any CPU.Build.0 = Release|Any CPU
	EndGlobalSection
	GlobalSection(SolutionProperties) = preSolution
		HideSolutionNode = FALSE
	EndGlobalSection
	GlobalSection(ExtensibilityGlobals) = postSolution
		SolutionGuid = {953BA2E1-64C3-44BE-B298-CF6283178A4A}
	EndGlobalSection
EndGlobal
